
Microsoft Visual Studio Solution File, Format Version 12.00
# Visual Studio 15
VisualStudioVersion = 15.0.26228.9
MinimumVisualStudioVersion = 10.0.40219.1
Project("{FAE04EC0-301F-11D3-BF4B-00C04F79EFBC}") = "HBS.Dash", "HBS.Dash\HBS.Dash.csproj", "{7E083821-A3E8-436B-8585-232711B37124}"
EndProject
Project("{FAE04EC0-301F-11D3-BF4B-00C04F79EFBC}") = "HBS.Data", "HBS.Data\HBS.Data.csproj", "{9273EC93-E13A-4A05-88E8-C2E85380C8D0}"
EndProject
Project("{FAE04EC0-301F-11D3-BF4B-00C04F79EFBC}") = "HBS.Model", "HBS.Model\HBS.Model.csproj", "{40F0B08E-7F8B-4C45-8260-05B4EFCA553B}"
EndProject
Global
	GlobalSection(SolutionConfigurationPlatforms) = preSolution
		Debug|Any CPU = Debug|Any CPU
		Release|Any CPU = Release|Any CPU
	EndGlobalSection
	GlobalSection(ProjectConfigurationPlatforms) = postSolution
		{7E083821-A3E8-436B-8585-232711B37124}.Debug|Any CPU.ActiveCfg = Debug|Any CPU
		{7E083821-A3E8-436B-8585-232711B37124}.Debug|Any CPU.Build.0 = Debug|Any CPU
		{7E083821-A3E8-436B-8585-232711B37124}.Release|Any CPU.ActiveCfg = Release|Any CPU
		{7E083821-A3E8-436B-8585-232711B37124}.Release|Any CPU.Build.0 = Release|Any CPU
		{9273EC93-E13A-4A05-88E8-C2E85380C8D0}.Debug|Any CPU.ActiveCfg = Debug|Any CPU
		{9273EC93-E13A-4A05-88E8-C2E85380C8D0}.Debug|Any CPU.Build.0 = Debug|Any CPU
		{9273EC93-E13A-4A05-88E8-C2E85380C8D0}.Release|Any CPU.ActiveCfg = Release|Any CPU
		{9273EC93-E13A-4A05-88E8-C2E85380C8D0}.Release|Any CPU.Build.0 = Release|Any CPU
		{40F0B08E-7F8B-4C45-8260-05B4EFCA553B}.Debug|Any CPU.ActiveCfg = Debug|Any CPU
		{40F0B08E-7F8B-4C45-8260-05B4EFCA553B}.Debug|Any CPU.Build.0 = Debug|Any CPU
		{40F0B08E-7F8B-4C45-8260-05B4EFCA553B}.Release|Any CPU.ActiveCfg = Release|Any CPU
		{40F0B08E-7F8B-4C45-8260-05B4EFCA553B}.Release|Any CPU.Build.0 = Release|Any CPU
	EndGlobalSection
	GlobalSection(SolutionProperties) = preSolution
		HideSolutionNode = FALSE
	EndGlobalSection
EndGlobal
